
Microsoft Visual Studio Solution File, Format Version 12.00
# Visual Studio Version 16
VisualStudioVersion = 16.0.31129.286
MinimumVisualStudioVersion = 10.0.40219.1
Project("{FAE04EC0-301F-11D3-BF4B-00C04F79EFBC}") = "Library Management System", "Library Management System\Library Management System.csproj", "{034CC292-37E5-49AC-98A2-36E1642498CE}"
EndProject
Project("{FAE04EC0-301F-11D3-BF4B-00C04F79EFBC}") = "Consume API", "Consume API\Consume API.csproj", "{C44FEE72-DEC6-44CB-8407-F04614EB1CAD}"
EndProject
Global
	GlobalSection(SolutionConfigurationPlatforms) = preSolution
		Debug|Any CPU = Debug|Any CPU
		Release|Any CPU = Release|Any CPU
	EndGlobalSection
	GlobalSection(ProjectConfigurationPlatforms) = postSolution
		{034CC292-37E5-49AC-98A2-36E1642498CE}.Debug|Any CPU.ActiveCfg = Debug|Any CPU
		{034CC292-37E5-49AC-98A2-36E1642498CE}.Debug|Any CPU.Build.0 = Debug|Any CPU
		{034CC292-37E5-49AC-98A2-36E1642498CE}.Release|Any CPU.ActiveCfg = Release|Any CPU
		{034CC292-37E5-49AC-98A2-36E1642498CE}.Release|Any CPU.Build.0 = Release|Any CPU
		{C44FEE72-DEC6-44CB-8407-F04614EB1CAD}.Debug|Any CPU.ActiveCfg = Debug|Any CPU
		{C44FEE72-DEC6-44CB-8407-F04614EB1CAD}.Debug|Any CPU.Build.0 = Debug|Any CPU
		{C44FEE72-DEC6-44CB-8407-F04614EB1CAD}.Release|Any CPU.ActiveCfg = Release|Any CPU
		{C44FEE72-DEC6-44CB-8407-F04614EB1CAD}.Release|Any CPU.Build.0 = Release|Any CPU
	EndGlobalSection
	GlobalSection(SolutionProperties) = preSolution
		HideSolutionNode = FALSE
	EndGlobalSection
	GlobalSection(ExtensibilityGlobals) = postSolution
		SolutionGuid = {D04DE13B-39FF-475C-A204-25CDFC29D208}
	EndGlobalSection
EndGlobal
